dependencies:
- name: mariadb
  repository: https://charts.bitnami.com/bitnami
  version: 9.8.1
- name: redis
  repository: https://charts.bitnami.com/bitnami
  version: 15.7.6
- name: elasticsearch
  repository: https://charts.bitnami.com/bitnami
  version: 17.9.25
- name: minio
  repository: https://charts.bitnami.com/bitnami
  version: 9.3.0
- name: common
  repository: https://charts.bitnami.com/bitnami
  version: 1.13.0
digest: sha256:7e278e149bdade8725c0a7a41e2c2dcb4dbacd774e79069c33123cee52e4e8f6
generated: "2022-04-15T21:14:54.877095+02:00"
